
Microsoft Visual Studio Solution File, Format Version 11.00
# Visual Studio 2010
Project("{FAE04EC0-301F-11D3-BF4B-00C04F79EFBC}") = "Assembly-CSharp", "Assembly-CSharp.csproj", "{C021E12A-EF8E-A270-15B4-CA457961BB7D}"
EndProject
Project("{FAE04EC0-301F-11D3-BF4B-00C04F79EFBC}") = "SteamVR", "SteamVR.csproj", "{E4B0277C-EE62-3B8D-C016-AFB461F7DDF6}"
EndProject
Project("{FAE04EC0-301F-11D3-BF4B-00C04F79EFBC}") = "SteamVR_Actions", "SteamVR_Actions.csproj", "{B427D817-BCCD-1766-9474-B0274221CD8B}"
EndProject
Project("{FAE04EC0-301F-11D3-BF4B-00C04F79EFBC}") = "Assembly-CSharp-Editor", "Assembly-CSharp-Editor.csproj", "{3578BBF4-3CC6-AB51-7ABF-5CDE30064E67}"
EndProject
Project("{FAE04EC0-301F-11D3-BF4B-00C04F79EFBC}") = "SteamVR_Editor", "SteamVR_Editor.csproj", "{668D7487-A750-88D7-31FB-9768F0120002}"
EndProject
Project("{FAE04EC0-301F-11D3-BF4B-00C04F79EFBC}") = "SteamVR_Input_Editor", "SteamVR_Input_Editor.csproj", "{66E80D12-EC5B-5BC8-CCD1-70EE27FA5E6C}"
EndProject
Project("{FAE04EC0-301F-11D3-BF4B-00C04F79EFBC}") = "SteamVR_Windows_EditorHelper", "SteamVR_Windows_EditorHelper.csproj", "{7DB5B972-EC55-C571-9FBC-8D79BC37BF33}"
EndProject
Global
	GlobalSection(SolutionConfigurationPlatforms) = preSolution
		Debug|Any CPU = Debug|Any CPU
		Release|Any CPU = Release|Any CPU
	EndGlobalSection
	GlobalSection(ProjectConfigurationPlatforms) = postSolution
		{C021E12A-EF8E-A270-15B4-CA457961BB7D}.Debug|Any CPU.ActiveCfg = Debug|Any CPU
		{C021E12A-EF8E-A270-15B4-CA457961BB7D}.Debug|Any CPU.Build.0 = Debug|Any CPU
		{C021E12A-EF8E-A270-15B4-CA457961BB7D}.Release|Any CPU.ActiveCfg = Release|Any CPU
		{C021E12A-EF8E-A270-15B4-CA457961BB7D}.Release|Any CPU.Build.0 = Release|Any CPU
		{E4B0277C-EE62-3B8D-C016-AFB461F7DDF6}.Debug|Any CPU.ActiveCfg = Debug|Any CPU
		{E4B0277C-EE62-3B8D-C016-AFB461F7DDF6}.Debug|Any CPU.Build.0 = Debug|Any CPU
		{E4B0277C-EE62-3B8D-C016-AFB461F7DDF6}.Release|Any CPU.ActiveCfg = Release|Any CPU
		{E4B0277C-EE62-3B8D-C016-AFB461F7DDF6}.Release|Any CPU.Build.0 = Release|Any CPU
		{B427D817-BCCD-1766-9474-B0274221CD8B}.Debug|Any CPU.ActiveCfg = Debug|Any CPU
		{B427D817-BCCD-1766-9474-B0274221CD8B}.Debug|Any CPU.Build.0 = Debug|Any CPU
		{B427D817-BCCD-1766-9474-B0274221CD8B}.Release|Any CPU.ActiveCfg = Release|Any CPU
		{B427D817-BCCD-1766-9474-B0274221CD8B}.Release|Any CPU.Build.0 = Release|Any CPU
		{3578BBF4-3CC6-AB51-7ABF-5CDE30064E67}.Debug|Any CPU.ActiveCfg = Debug|Any CPU
		{3578BBF4-3CC6-AB51-7ABF-5CDE30064E67}.Debug|Any CPU.Build.0 = Debug|Any CPU
		{3578BBF4-3CC6-AB51-7ABF-5CDE30064E67}.Release|Any CPU.ActiveCfg = Release|Any CPU
		{3578BBF4-3CC6-AB51-7ABF-5CDE30064E67}.Release|Any CPU.Build.0 = Release|Any CPU
		{668D7487-A750-88D7-31FB-9768F0120002}.Debug|Any CPU.ActiveCfg = Debug|Any CPU
		{668D7487-A750-88D7-31FB-9768F0120002}.Debug|Any CPU.Build.0 = Debug|Any CPU
		{668D7487-A750-88D7-31FB-9768F0120002}.Release|Any CPU.ActiveCfg = Release|Any CPU
		{668D7487-A750-88D7-31FB-9768F0120002}.Release|Any CPU.Build.0 = Release|Any CPU
		{66E80D12-EC5B-5BC8-CCD1-70EE27FA5E6C}.Debug|Any CPU.ActiveCfg = Debug|Any CPU
		{66E80D12-EC5B-5BC8-CCD1-70EE27FA5E6C}.Debug|Any CPU.Build.0 = Debug|Any CPU
		{66E80D12-EC5B-5BC8-CCD1-70EE27FA5E6C}.Release|Any CPU.ActiveCfg = Release|Any CPU
		{66E80D12-EC5B-5BC8-CCD1-70EE27FA5E6C}.Release|Any CPU.Build.0 = Release|Any CPU
		{7DB5B972-EC55-C571-9FBC-8D79BC37BF33}.Debug|Any CPU.ActiveCfg = Debug|Any CPU
		{7DB5B972-EC55-C571-9FBC-8D79BC37BF33}.Debug|Any CPU.Build.0 = Debug|Any CPU
		{7DB5B972-EC55-C571-9FBC-8D79BC37BF33}.Release|Any CPU.ActiveCfg = Release|Any CPU
		{7DB5B972-EC55-C571-9FBC-8D79BC37BF33}.Release|Any CPU.Build.0 = Release|Any CPU
	EndGlobalSection
	GlobalSection(SolutionProperties) = preSolution
		HideSolutionNode = FALSE
	EndGlobalSection
	GlobalSection(MonoDevelopProperties) = preSolution
		StartupItem = Assembly-CSharp.csproj
	EndGlobalSection
EndGlobal
